
Microsoft Visual Studio Solution File, Format Version 12.00
# Visual Studio Version 16
VisualStudioVersion = 16.0.30128.74
MinimumVisualStudioVersion = 10.0.40219.1
Project("{FAE04EC0-301F-11D3-BF4B-00C04F79EFBC}") = "Codility04.3", "Codility04.3\Codility04.3.csproj", "{8E57E2E1-F797-4B7B-B571-99D79CD4B80E}"
EndProject
Global
	GlobalSection(SolutionConfigurationPlatforms) = preSolution
		Debug|Any CPU = Debug|Any CPU
		Release|Any CPU = Release|Any CPU
	EndGlobalSection
	GlobalSection(ProjectConfigurationPlatforms) = postSolution
		{8E57E2E1-F797-4B7B-B571-99D79CD4B80E}.Debug|Any CPU.ActiveCfg = Debug|Any CPU
		{8E57E2E1-F797-4B7B-B571-99D79CD4B80E}.Debug|Any CPU.Build.0 = Debug|Any CPU
		{8E57E2E1-F797-4B7B-B571-99D79CD4B80E}.Release|Any CPU.ActiveCfg = Release|Any CPU
		{8E57E2E1-F797-4B7B-B571-99D79CD4B80E}.Release|Any CPU.Build.0 = Release|Any CPU
	EndGlobalSection
	GlobalSection(SolutionProperties) = preSolution
		HideSolutionNode = FALSE
	EndGlobalSection
	GlobalSection(ExtensibilityGlobals) = postSolution
		SolutionGuid = {5E8FDE67-E9BE-490B-A710-1E870A21516B}
	EndGlobalSection
EndGlobal
